
Microsoft Visual Studio Solution File, Format Version 12.00
# Visual Studio 15
VisualStudioVersion = 15.0.28307.1231
MinimumVisualStudioVersion = 10.0.40219.1
Project("{8BC9CEB8-8B4A-11D0-8D11-00A0C91BC942}") = "chess", "chess\chess.vcxproj", "{9F312FD8-B264-4215-9FD4-C8B11CBB4772}"
EndProject
Global
	GlobalSection(SolutionConfigurationPlatforms) = preSolution
		Debug|x64 = Debug|x64
		Debug|x86 = Debug|x86
		Release|x64 = Release|x64
		Release|x86 = Release|x86
	EndGlobalSection
	GlobalSection(ProjectConfigurationPlatforms) = postSolution
		{9F312FD8-B264-4215-9FD4-C8B11CBB4772}.Debug|x64.ActiveCfg = Debug|x64
		{9F312FD8-B264-4215-9FD4-C8B11CBB4772}.Debug|x64.Build.0 = Debug|x64
		{9F312FD8-B264-4215-9FD4-C8B11CBB4772}.Debug|x86.ActiveCfg = Debug|Win32
		{9F312FD8-B264-4215-9FD4-C8B11CBB4772}.Debug|x86.Build.0 = Debug|Win32
		{9F312FD8-B264-4215-9FD4-C8B11CBB4772}.Release|x64.ActiveCfg = Release|x64
		{9F312FD8-B264-4215-9FD4-C8B11CBB4772}.Release|x64.Build.0 = Release|x64
		{9F312FD8-B264-4215-9FD4-C8B11CBB4772}.Release|x86.ActiveCfg = Release|Win32
		{9F312FD8-B264-4215-9FD4-C8B11CBB4772}.Release|x86.Build.0 = Release|Win32
	EndGlobalSection
	GlobalSection(SolutionProperties) = preSolution
		HideSolutionNode = FALSE
	EndGlobalSection
	GlobalSection(ExtensibilityGlobals) = postSolution
		SolutionGuid = {53EA3999-D6D1-4F20-9DC4-52FFDF21C386}
	EndGlobalSection
EndGlobal
